
Microsoft Visual Studio Solution File, Format Version 12.00
# Visual Studio Version 16
VisualStudioVersion = 16.0.31624.102
MinimumVisualStudioVersion = 10.0.40219.1
Project("{FAE04EC0-301F-11D3-BF4B-00C04F79EFBC}") = "MX2", "MX2.csproj", "{8E8EFED4-CC74-47A6-926D-D9FA987BBE5F}"
EndProject
Global
	GlobalSection(SolutionConfigurationPlatforms) = preSolution
		Debug|Any CPU = Debug|Any CPU
		Release|Any CPU = Release|Any CPU
	EndGlobalSection
	GlobalSection(ProjectConfigurationPlatforms) = postSolution
		{8E8EFED4-CC74-47A6-926D-D9FA987BBE5F}.Debug|Any CPU.ActiveCfg = Debug|Any CPU
		{8E8EFED4-CC74-47A6-926D-D9FA987BBE5F}.Debug|Any CPU.Build.0 = Debug|Any CPU
		{8E8EFED4-CC74-47A6-926D-D9FA987BBE5F}.Release|Any CPU.ActiveCfg = Release|Any CPU
		{8E8EFED4-CC74-47A6-926D-D9FA987BBE5F}.Release|Any CPU.Build.0 = Release|Any CPU
	EndGlobalSection
	GlobalSection(SolutionProperties) = preSolution
		HideSolutionNode = FALSE
	EndGlobalSection
	GlobalSection(ExtensibilityGlobals) = postSolution
		SolutionGuid = {BA288576-B523-4718-BE1E-EA676C62622B}
	EndGlobalSection
EndGlobal
